{
  "requires": true,
  "lockfileVersion": 1,
  "dependencies": {
    "@types/bluebird": {
      "version": "3.5.23",
      "resolved": "https://registry.npmjs.org/@types/bluebird/-/bluebird-3.5.23.tgz",
      "integrity": "sha512-xlehmc6RT+wMEhy9ZqeqmozVmuFzTfsaV2NlfFFWhigy7n6sjMbUUB+SZBWK78lZgWHA4DBAdQvQxUvcB8N1tw=="
    },
    "@types/node": {
      "version": "10.5.3",
      "resolved": "https://registry.npmjs.org/@types/node/-/node-10.5.3.tgz",
      "integrity": "sha512-jQ1p+SyF/z8ygPxfSPKZKMWazlCgTBSyIaC1UCUvkLHDdxdmPQtQFk02X4WFM31Z1BKMAS3MSAK0cRP2c92n6Q=="
    },
    "@types/rethinkdb": {
      "version": "2.3.12",
      "resolved": "https://registry.npmjs.org/@types/rethinkdb/-/rethinkdb-2.3.12.tgz",
      "integrity": "sha512-dEGYbArRLjS+zG1vho130IRJjcQLTDcuqRLfcl4/aa0iFjOZytcAHkxij7LwcD8QpUxYoNDClGiZK1j+eqeYpw==",
      "requires": {
        "@types/node": "*"
      }
    },
    "@types/rethinkdbdash": {
      "version": "git+https://github.com/types/rethinkdbdash.git#3fbbfae2ee1d344a827fcec259ce2e4dff958dee",
      "from": "git+https://github.com/types/rethinkdbdash.git",
      "requires": {
        "@types/bluebird": "^3.4.1",
        "@types/node": "^6.0.78",
        "@types/rethinkdb": "github:types/npm-rethinkdb#1f6de50cd3daff8c9f4fcd4931e42affa74f424e"
      },
      "dependencies": {
        "@types/node": {
          "version": "6.0.114",
          "resolved": "https://registry.npmjs.org/@types/node/-/node-6.0.114.tgz",
          "integrity": "sha512-5ViC9dwf1VIAtrOFTvOuN04lJgw28eKjuy0Vg2Bd/fSlxKP2feCSkIw04ZgOENL2ywdWrtbkthp1XVLEjJmouw=="
        },
        "@types/rethinkdb": {
          "version": "github:types/npm-rethinkdb#1f6de50cd3daff8c9f4fcd4931e42affa74f424e",
          "from": "github:types/npm-rethinkdb"
        }
      }
    },
    "aigle": {
      "version": "1.12.0",
      "resolved": "https://registry.npmjs.org/aigle/-/aigle-1.12.0.tgz",
      "integrity": "sha512-UZxjKqSJVH5rqljw7EORI+nQ4nKUDJW4nswBRJPkkNBddkhVAMb0ULydU93Q/3kseIPFKlWrT13OdpSEEj2sVg==",
      "requires": {
        "aigle-core": "^1.0.0"
      }
    },
    "aigle-core": {
      "version": "1.0.0",
      "resolved": "https://registry.npmjs.org/aigle-core/-/aigle-core-1.0.0.tgz",
      "integrity": "sha1-QGbg+aXGCZbYN37RlqIfoXtiUKs="
    },
    "bluebird": {
      "version": "3.5.1",
      "resolved": "https://registry.npmjs.org/bluebird/-/bluebird-3.5.1.tgz",
      "integrity": "sha512-MKiLiV+I1AA596t9w1sQJ8jkiSr5+ZKi0WKrYGUn6d1Fx+Ij4tIj+m2WMQSGczs5jZVxV339chE8iwk6F64wjA=="
    },
    "rethinkdbdash": {
      "version": "2.3.31",
      "resolved": "https://registry.npmjs.org/rethinkdbdash/-/rethinkdbdash-2.3.31.tgz",
      "integrity": "sha512-6nXrKFjdg2Ug0YpdmPWSvyD/2EisHnFNt4FWZ74dcXGK48ievSv+cNFTmVv+KjLi6I9CCf6w4CKZ6yCYTfMfdQ==",
      "requires": {
        "bluebird": ">= 3.0.1"
      }
    },
    "validator": {
      "version": "3.34.0",
      "resolved": "https://registry.npmjs.org/validator/-/validator-3.34.0.tgz",
      "integrity": "sha1-Z8tBgSH4+671l9lzdtYbDbWTfMY="
    }
  }
}
